
Microsoft Visual Studio Solution File, Format Version 12.00
Project("{FAE04EC0-301F-11D3-BF4B-00C04F79EFBC}") = "gitzipConsole", "gitzipConsole\gitzipConsole.csproj", "{59CB738F-AC98-4010-B413-6169804ECD7C}"
EndProject
Global
	GlobalSection(SolutionConfigurationPlatforms) = preSolution
		Debug|Any CPU = Debug|Any CPU
		Release|Any CPU = Release|Any CPU
	EndGlobalSection
	GlobalSection(ProjectConfigurationPlatforms) = postSolution
		{59CB738F-AC98-4010-B413-6169804ECD7C}.Debug|Any CPU.ActiveCfg = Debug|Any CPU
		{59CB738F-AC98-4010-B413-6169804ECD7C}.Debug|Any CPU.Build.0 = Debug|Any CPU
		{59CB738F-AC98-4010-B413-6169804ECD7C}.Release|Any CPU.ActiveCfg = Release|Any CPU
		{59CB738F-AC98-4010-B413-6169804ECD7C}.Release|Any CPU.Build.0 = Release|Any CPU
	EndGlobalSection
EndGlobal
